
Microsoft Visual Studio Solution File, Format Version 12.00
# Visual Studio Version 17
VisualStudioVersion = 17.7.34009.444
MinimumVisualStudioVersion = 10.0.40219.1
Project("{FAE04EC0-301F-11D3-BF4B-00C04F79EFBC}") = "Programa 5", "Programa 5\Programa 5.csproj", "{6000B59F-AEFE-482A-B7A6-FBA6C7CDDCFD}"
EndProject
Global
	GlobalSection(SolutionConfigurationPlatforms) = preSolution
		Debug|Any CPU = Debug|Any CPU
		Release|Any CPU = Release|Any CPU
	EndGlobalSection
	GlobalSection(ProjectConfigurationPlatforms) = postSolution
		{6000B59F-AEFE-482A-B7A6-FBA6C7CDDCFD}.Debug|Any CPU.ActiveCfg = Debug|Any CPU
		{6000B59F-AEFE-482A-B7A6-FBA6C7CDDCFD}.Debug|Any CPU.Build.0 = Debug|Any CPU
		{6000B59F-AEFE-482A-B7A6-FBA6C7CDDCFD}.Release|Any CPU.ActiveCfg = Release|Any CPU
		{6000B59F-AEFE-482A-B7A6-FBA6C7CDDCFD}.Release|Any CPU.Build.0 = Release|Any CPU
	EndGlobalSection
	GlobalSection(SolutionProperties) = preSolution
		HideSolutionNode = FALSE
	EndGlobalSection
	GlobalSection(ExtensibilityGlobals) = postSolution
		SolutionGuid = {8373CC4B-E44C-46B2-A794-837A1DD49F26}
	EndGlobalSection
EndGlobal
